PODS:
  - Alamofire (5.6.4)
  - AMap2DMap (5.6.1):
    - AMapFoundation (~> 1.4)
  - AMapFoundation (1.8.2)
  - AMapSearch (9.5.0):
    - AMapFoundation (>= 1.8.0)

DEPENDENCIES:
  - Alamofire
  - AMap2DMap
  - AMapSearch

SPEC REPOS:
  trunk:
    - Alamofire
    - AMap2DMap
    - AMapFoundation
    - AMapSearch

SPEC CHECKSUMS:
  Alamofire: 4e95d97098eacb88856099c4fc79b526a299e48c
  AMap2DMap: cac76bc057de18a1641f34df6b50bf5bc6b23571
  AMapFoundation: 9885c48fc3a78fdfb84a0299a2293e56ea3c9fec
  AMapSearch: e0c81206b8ac1d27ef349095a96ea6398e3a0da3

PODFILE CHECKSUM: 5a7f825f281542b8c8f2150088d8aa5de97111fa

COCOAPODS: 1.12.0
